
Microsoft Visual Studio Solution File, Format Version 12.00
# Visual Studio Version 17
VisualStudioVersion = 17.14.36429.23 d17.14
MinimumVisualStudioVersion = 10.0.40219.1
Project("{FAE04EC0-301F-11D3-BF4B-00C04F79EFBC}") = "Backend", "Backend\Backend.csproj", "{E723CC8B-30C0-4588-83C0-336CE0D93D73}"
EndProject
Global
	GlobalSection(SolutionConfigurationPlatforms) = preSolution
		Debug|Any CPU = Debug|Any CPU
		Release|Any CPU = Release|Any CPU
	EndGlobalSection
	GlobalSection(ProjectConfigurationPlatforms) = postSolution
		{E723CC8B-30C0-4588-83C0-336CE0D93D73}.Debug|Any CPU.ActiveCfg = Debug|Any CPU
		{E723CC8B-30C0-4588-83C0-336CE0D93D73}.Debug|Any CPU.Build.0 = Debug|Any CPU
		{E723CC8B-30C0-4588-83C0-336CE0D93D73}.Release|Any CPU.ActiveCfg = Release|Any CPU
		{E723CC8B-30C0-4588-83C0-336CE0D93D73}.Release|Any CPU.Build.0 = Release|Any CPU
	EndGlobalSection
	GlobalSection(SolutionProperties) = preSolution
		HideSolutionNode = FALSE
	EndGlobalSection
	GlobalSection(ExtensibilityGlobals) = postSolution
		SolutionGuid = {A156C391-3D5F-4872-85CD-80420D4818C6}
	EndGlobalSection
EndGlobal
